{
  "name": "consumer",
  "lockfileVersion": 2,
  "requires": true,
  "packages": {
    "": {
      "name": "consumer",
      "license": "ISC",
      "dependencies": {
        "@js-temporal/polyfill": "file:../..",
        "lib-cjs": "file:../lib-cjs",
        "lib-esm": "file:../lib-esm"
      }
    },
    "../..": {
      "name": "@js-temporal/polyfill",
      "version": "0.4.1",
      "license": "ISC",
      "dependencies": {
        "jsbi": "^4.1.0",
        "tslib": "^2.3.1"
      },
      "devDependencies": {
        "@babel/core": "^7.16.5",
        "@babel/preset-env": "^7.16.5",
        "@pipobscure/demitasse": "^1.0.10",
        "@pipobscure/demitasse-pretty": "^1.0.10",
        "@pipobscure/demitasse-run": "^1.0.10",
        "@rollup/plugin-babel": "^5.3.0",
        "@rollup/plugin-commonjs": "^21.0.1",
        "@rollup/plugin-node-resolve": "^13.1.1",
        "@rollup/plugin-replace": "^3.0.0",
        "@rollup/plugin-typescript": "^8.3.0",
        "@typescript-eslint/eslint-plugin": "^5.7.0",
        "@typescript-eslint/parser": "^5.7.0",
        "eslint": "^8.4.1",
        "eslint-config-prettier": "^8.3.0",
        "eslint-plugin-prettier": "^4.0.0",
        "full-icu": "^1.4.0",
        "prettier": "^2.5.1",
        "rollup": "^2.61.1",
        "rollup-plugin-dts": "^4.0.1",
        "rollup-plugin-terser": "^7.0.2",
        "test262-harness": "^9.0.0",
        "timezones.json": "^1.5.3",
        "ts-prune": "^0.10.3",
        "typescript": "^4.5.4"
      },
      "engines": {
        "node": ">=12"
      }
    },
    "../lib-cjs": {
      "dependencies": {
        "@js-temporal/polyfill": "file:../.."
      }
    },
    "../lib-esm": {
      "dependencies": {
        "@js-temporal/polyfill": "file:../.."
      }
    },
    "node_modules/@js-temporal/polyfill": {
      "resolved": "../..",
      "link": true
    },
    "node_modules/lib-cjs": {
      "resolved": "../lib-cjs",
      "link": true
    },
    "node_modules/lib-esm": {
      "resolved": "../lib-esm",
      "link": true
    }
  },
  "dependencies": {
    "@js-temporal/polyfill": {
      "version": "file:../..",
      "requires": {
        "@babel/core": "^7.16.5",
        "@babel/preset-env": "^7.16.5",
        "@pipobscure/demitasse": "^1.0.10",
        "@pipobscure/demitasse-pretty": "^1.0.10",
        "@pipobscure/demitasse-run": "^1.0.10",
        "@rollup/plugin-babel": "^5.3.0",
        "@rollup/plugin-commonjs": "^21.0.1",
        "@rollup/plugin-node-resolve": "^13.1.1",
        "@rollup/plugin-replace": "^3.0.0",
        "@rollup/plugin-typescript": "^8.3.0",
        "@typescript-eslint/eslint-plugin": "^5.7.0",
        "@typescript-eslint/parser": "^5.7.0",
        "eslint": "^8.4.1",
        "eslint-config-prettier": "^8.3.0",
        "eslint-plugin-prettier": "^4.0.0",
        "full-icu": "^1.4.0",
        "jsbi": "^4.1.0",
        "prettier": "^2.5.1",
        "rollup": "^2.61.1",
        "rollup-plugin-dts": "^4.0.1",
        "rollup-plugin-terser": "^7.0.2",
        "test262-harness": "^9.0.0",
        "timezones.json": "^1.5.3",
        "ts-prune": "^0.10.3",
        "tslib": "^2.3.1",
        "typescript": "^4.5.4"
      }
    },
    "lib-cjs": {
      "version": "file:../lib-cjs",
      "requires": {
        "@js-temporal/polyfill": "file:../.."
      }
    },
    "lib-esm": {
      "version": "file:../lib-esm",
      "requires": {
        "@js-temporal/polyfill": "file:../.."
      }
    }
  }
}
